
Microsoft Visual Studio Solution File, Format Version 12.00
# Visual Studio Version 17
VisualStudioVersion = 17.4.33205.214
MinimumVisualStudioVersion = 10.0.40219.1
Project("{9A19103F-16F7-4668-BE54-9A1E7A4F7556}") = "Infinite module test", "Infinite module test.csproj", "{88670458-212C-4408-B486-351C1643BFA5}"
EndProject
Global
	GlobalSection(SolutionConfigurationPlatforms) = preSolution
		Debug|Any CPU = Debug|Any CPU
		Release|Any CPU = Release|Any CPU
	EndGlobalSection
	GlobalSection(ProjectConfigurationPlatforms) = postSolution
		{88670458-212C-4408-B486-351C1643BFA5}.Debug|Any CPU.ActiveCfg = Debug|Any CPU
		{88670458-212C-4408-B486-351C1643BFA5}.Debug|Any CPU.Build.0 = Debug|Any CPU
		{88670458-212C-4408-B486-351C1643BFA5}.Release|Any CPU.ActiveCfg = Release|Any CPU
		{88670458-212C-4408-B486-351C1643BFA5}.Release|Any CPU.Build.0 = Release|Any CPU
	EndGlobalSection
	GlobalSection(SolutionProperties) = preSolution
		HideSolutionNode = FALSE
	EndGlobalSection
	GlobalSection(ExtensibilityGlobals) = postSolution
		SolutionGuid = {9B7E7FE1-D49D-468A-B6A4-A774EA5C8D39}
	EndGlobalSection
EndGlobal
